
Microsoft Visual Studio Solution File, Format Version 12.00
Project("{FAE04EC0-301F-11D3-BF4B-00C04F79EFBC}") = "Orden_Manager", "Orden_Manager\Orden_Manager.csproj", "{09536358-6C53-41ED-AB50-D8CE85774C9F}"
EndProject
Global
	GlobalSection(SolutionConfigurationPlatforms) = preSolution
		Debug|Any CPU = Debug|Any CPU
		Release|Any CPU = Release|Any CPU
	EndGlobalSection
	GlobalSection(ProjectConfigurationPlatforms) = postSolution
		{09536358-6C53-41ED-AB50-D8CE85774C9F}.Debug|Any CPU.ActiveCfg = Debug|Any CPU
		{09536358-6C53-41ED-AB50-D8CE85774C9F}.Debug|Any CPU.Build.0 = Debug|Any CPU
		{09536358-6C53-41ED-AB50-D8CE85774C9F}.Release|Any CPU.ActiveCfg = Release|Any CPU
		{09536358-6C53-41ED-AB50-D8CE85774C9F}.Release|Any CPU.Build.0 = Release|Any CPU
	EndGlobalSection
EndGlobal
