Microsoft Visual Studio Solution File, Format Version 12.00
# Visual Studio Version 17
VisualStudioVersion = 17.5.2.0
MinimumVisualStudioVersion = 10.0.40219.1
Project("{FAE04EC0-301F-11D3-BF4B-00C04F79EFBC}") = "Orden_Manager", "Orden_Manager.csproj", "{B5785D72-4BA4-9357-6CA7-B388CF9E143C}"
EndProject
Global
	GlobalSection(SolutionConfigurationPlatforms) = preSolution
		Debug|Any CPU = Debug|Any CPU
		Release|Any CPU = Release|Any CPU
	EndGlobalSection
	GlobalSection(ProjectConfigurationPlatforms) = postSolution
		{B5785D72-4BA4-9357-6CA7-B388CF9E143C}.Debug|Any CPU.ActiveCfg = Debug|Any CPU
		{B5785D72-4BA4-9357-6CA7-B388CF9E143C}.Debug|Any CPU.Build.0 = Debug|Any CPU
		{B5785D72-4BA4-9357-6CA7-B388CF9E143C}.Release|Any CPU.ActiveCfg = Release|Any CPU
		{B5785D72-4BA4-9357-6CA7-B388CF9E143C}.Release|Any CPU.Build.0 = Release|Any CPU
	EndGlobalSection
	GlobalSection(SolutionProperties) = preSolution
		HideSolutionNode = FALSE
	EndGlobalSection
	GlobalSection(ExtensibilityGlobals) = postSolution
		SolutionGuid = {79162F70-E690-475E-80EB-BB4E97F51292}
	EndGlobalSection
EndGlobal
